
Microsoft Visual Studio Solution File, Format Version 12.00
# Visual Studio Version 16
VisualStudioVersion = 16.0.30225.117
MinimumVisualStudioVersion = 10.0.40219.1
Project("{FAE04EC0-301F-11D3-BF4B-00C04F79EFBC}") = "BigramsCounting", "BigramsCounting\BigramsCounting.csproj", "{B0769681-71EC-4B9B-B924-59A5C528385D}"
EndProject
Global
	GlobalSection(SolutionConfigurationPlatforms) = preSolution
		Debug|Any CPU = Debug|Any CPU
		Release|Any CPU = Release|Any CPU
	EndGlobalSection
	GlobalSection(ProjectConfigurationPlatforms) = postSolution
		{B0769681-71EC-4B9B-B924-59A5C528385D}.Debug|Any CPU.ActiveCfg = Debug|Any CPU
		{B0769681-71EC-4B9B-B924-59A5C528385D}.Debug|Any CPU.Build.0 = Debug|Any CPU
		{B0769681-71EC-4B9B-B924-59A5C528385D}.Release|Any CPU.ActiveCfg = Release|Any CPU
		{B0769681-71EC-4B9B-B924-59A5C528385D}.Release|Any CPU.Build.0 = Release|Any CPU
	EndGlobalSection
	GlobalSection(SolutionProperties) = preSolution
		HideSolutionNode = FALSE
	EndGlobalSection
	GlobalSection(ExtensibilityGlobals) = postSolution
		SolutionGuid = {E1BEE700-B2B8-40F2-90A2-B0EB47D91770}
	EndGlobalSection
EndGlobal
