
Microsoft Visual Studio Solution File, Format Version 12.00
# Visual Studio 15
VisualStudioVersion = 15.0.28307.168
MinimumVisualStudioVersion = 10.0.40219.1
Project("{FAE04EC0-301F-11D3-BF4B-00C04F79EFBC}") = "BCCase", "BCCase\BCCase.csproj", "{7644060A-ADB5-4C36-88BC-AFCCA53FEFFE}"
EndProject
Global
	GlobalSection(SolutionConfigurationPlatforms) = preSolution
		Debug|Any CPU = Debug|Any CPU
		Release|Any CPU = Release|Any CPU
	EndGlobalSection
	GlobalSection(ProjectConfigurationPlatforms) = postSolution
		{7644060A-ADB5-4C36-88BC-AFCCA53FEFFE}.Debug|Any CPU.ActiveCfg = Debug|Any CPU
		{7644060A-ADB5-4C36-88BC-AFCCA53FEFFE}.Debug|Any CPU.Build.0 = Debug|Any CPU
		{7644060A-ADB5-4C36-88BC-AFCCA53FEFFE}.Release|Any CPU.ActiveCfg = Release|Any CPU
		{7644060A-ADB5-4C36-88BC-AFCCA53FEFFE}.Release|Any CPU.Build.0 = Release|Any CPU
	EndGlobalSection
	GlobalSection(SolutionProperties) = preSolution
		HideSolutionNode = FALSE
	EndGlobalSection
	GlobalSection(ExtensibilityGlobals) = postSolution
		SolutionGuid = {6B812D3B-7AAF-402C-8130-1597B7A56FDA}
	EndGlobalSection
EndGlobal
