
Microsoft Visual Studio Solution File, Format Version 12.00
# Visual Studio 15
VisualStudioVersion = 15.0.28307.168
MinimumVisualStudioVersion = 10.0.40219.1
Project("{FAE04EC0-301F-11D3-BF4B-00C04F79EFBC}") = "IntegralCryptanalysis", "IntegralCryptanalysis\IntegralCryptanalysis.csproj", "{941D37EA-000F-4FA0-A0BD-9C1FAC40B237}"
EndProject
Global
	GlobalSection(SolutionConfigurationPlatforms) = preSolution
		Debug|Any CPU = Debug|Any CPU
		Release|Any CPU = Release|Any CPU
	EndGlobalSection
	GlobalSection(ProjectConfigurationPlatforms) = postSolution
		{941D37EA-000F-4FA0-A0BD-9C1FAC40B237}.Debug|Any CPU.ActiveCfg = Debug|Any CPU
		{941D37EA-000F-4FA0-A0BD-9C1FAC40B237}.Debug|Any CPU.Build.0 = Debug|Any CPU
		{941D37EA-000F-4FA0-A0BD-9C1FAC40B237}.Release|Any CPU.ActiveCfg = Release|Any CPU
		{941D37EA-000F-4FA0-A0BD-9C1FAC40B237}.Release|Any CPU.Build.0 = Release|Any CPU
	EndGlobalSection
	GlobalSection(SolutionProperties) = preSolution
		HideSolutionNode = FALSE
	EndGlobalSection
	GlobalSection(ExtensibilityGlobals) = postSolution
		SolutionGuid = {F1729B4B-908F-41AD-9824-114B97B26B02}
	EndGlobalSection
EndGlobal
