
Microsoft Visual Studio Solution File, Format Version 12.00
# Visual Studio 15
VisualStudioVersion = 15.0.28307.168
MinimumVisualStudioVersion = 10.0.40219.1
Project("{FAE04EC0-301F-11D3-BF4B-00C04F79EFBC}") = "MonogramsCounting_LINQ", "MonogramsCounting_LINQ\MonogramsCounting_LINQ.csproj", "{A1D8A008-2913-4A3B-80C1-34EB77239365}"
EndProject
Global
	GlobalSection(SolutionConfigurationPlatforms) = preSolution
		Debug|Any CPU = Debug|Any CPU
		Release|Any CPU = Release|Any CPU
	EndGlobalSection
	GlobalSection(ProjectConfigurationPlatforms) = postSolution
		{A1D8A008-2913-4A3B-80C1-34EB77239365}.Debug|Any CPU.ActiveCfg = Debug|Any CPU
		{A1D8A008-2913-4A3B-80C1-34EB77239365}.Debug|Any CPU.Build.0 = Debug|Any CPU
		{A1D8A008-2913-4A3B-80C1-34EB77239365}.Release|Any CPU.ActiveCfg = Release|Any CPU
		{A1D8A008-2913-4A3B-80C1-34EB77239365}.Release|Any CPU.Build.0 = Release|Any CPU
	EndGlobalSection
	GlobalSection(SolutionProperties) = preSolution
		HideSolutionNode = FALSE
	EndGlobalSection
	GlobalSection(ExtensibilityGlobals) = postSolution
		SolutionGuid = {30F375C3-033B-4C8C-A166-A2288EFCC545}
	EndGlobalSection
EndGlobal
