
Microsoft Visual Studio Solution File, Format Version 12.00
# Visual Studio 15
VisualStudioVersion = 15.0.28307.168
MinimumVisualStudioVersion = 10.0.40219.1
Project("{FAE04EC0-301F-11D3-BF4B-00C04F79EFBC}") = "FloatingPointPrecision", "FloatingPointPrecision\FloatingPointPrecision.csproj", "{E4E89759-B6DC-438B-8926-F601ACFA37B0}"
EndProject
Global
	GlobalSection(SolutionConfigurationPlatforms) = preSolution
		Debug|Any CPU = Debug|Any CPU
		Release|Any CPU = Release|Any CPU
	EndGlobalSection
	GlobalSection(ProjectConfigurationPlatforms) = postSolution
		{E4E89759-B6DC-438B-8926-F601ACFA37B0}.Debug|Any CPU.ActiveCfg = Debug|Any CPU
		{E4E89759-B6DC-438B-8926-F601ACFA37B0}.Debug|Any CPU.Build.0 = Debug|Any CPU
		{E4E89759-B6DC-438B-8926-F601ACFA37B0}.Release|Any CPU.ActiveCfg = Release|Any CPU
		{E4E89759-B6DC-438B-8926-F601ACFA37B0}.Release|Any CPU.Build.0 = Release|Any CPU
	EndGlobalSection
	GlobalSection(SolutionProperties) = preSolution
		HideSolutionNode = FALSE
	EndGlobalSection
	GlobalSection(ExtensibilityGlobals) = postSolution
		SolutionGuid = {0134B0CD-AEAC-4B89-AF48-A363033988EF}
	EndGlobalSection
EndGlobal
