
Microsoft Visual Studio Solution File, Format Version 12.00
# Visual Studio 15
VisualStudioVersion = 15.0.28307.168
MinimumVisualStudioVersion = 10.0.40219.1
Project("{FAE04EC0-301F-11D3-BF4B-00C04F79EFBC}") = "FloatingPointArithmetic", "FloatingPointArithmetic\FloatingPointArithmetic.csproj", "{9B43AD90-43BA-4013-A38E-7F1A02AF9B01}"
EndProject
Global
	GlobalSection(SolutionConfigurationPlatforms) = preSolution
		Debug|Any CPU = Debug|Any CPU
		Release|Any CPU = Release|Any CPU
	EndGlobalSection
	GlobalSection(ProjectConfigurationPlatforms) = postSolution
		{9B43AD90-43BA-4013-A38E-7F1A02AF9B01}.Debug|Any CPU.ActiveCfg = Debug|Any CPU
		{9B43AD90-43BA-4013-A38E-7F1A02AF9B01}.Debug|Any CPU.Build.0 = Debug|Any CPU
		{9B43AD90-43BA-4013-A38E-7F1A02AF9B01}.Release|Any CPU.ActiveCfg = Release|Any CPU
		{9B43AD90-43BA-4013-A38E-7F1A02AF9B01}.Release|Any CPU.Build.0 = Release|Any CPU
	EndGlobalSection
	GlobalSection(SolutionProperties) = preSolution
		HideSolutionNode = FALSE
	EndGlobalSection
	GlobalSection(ExtensibilityGlobals) = postSolution
		SolutionGuid = {6CF05A1C-58DB-4D50-81C2-D2F8D6B4A3D7}
	EndGlobalSection
EndGlobal
